{
  "name": "Weingartnerauto",
  "lockfileVersion": 3,
  "requires": true,
  "packages": {
    "": {
      "dependencies": {
        "overlayscrollbars": "^2.16.0"
      }
    },
    "node_modules/overlayscrollbars": {
      "version": "2.16.0",
      "resolved": "https://registry.npmjs.org/overlayscrollbars/-/overlayscrollbars-2.16.0.tgz",
      "integrity": "sha512-N03oje/q7j93D0aLZtoCdsDSYLmhheSsv8H7oSLE7HhdV9P/bmCURtLV/KbPye7P/bpfyt/obSfDpGUYoJ0OWg==",
      "license": "MIT"
    }
  }
}
